
Microsoft Visual Studio Solution File, Format Version 12.00
# Visual Studio Version 17
VisualStudioVersion = 17.14.36603.0 d17.14
MinimumVisualStudioVersion = 10.0.40219.1
Project("{FAE04EC0-301F-11D3-BF4B-00C04F79EFBC}") = "Task6_GPT", "Task6_GPT.csproj", "{29DEB75B-9CD8-4258-AC55-615056BAF607}"
EndProject
Global
	GlobalSection(SolutionConfigurationPlatforms) = preSolution
		Debug|Any CPU = Debug|Any CPU
		Release|Any CPU = Release|Any CPU
	EndGlobalSection
	GlobalSection(ProjectConfigurationPlatforms) = postSolution
		{29DEB75B-9CD8-4258-AC55-615056BAF607}.Debug|Any CPU.ActiveCfg = Debug|Any CPU
		{29DEB75B-9CD8-4258-AC55-615056BAF607}.Debug|Any CPU.Build.0 = Debug|Any CPU
		{29DEB75B-9CD8-4258-AC55-615056BAF607}.Release|Any CPU.ActiveCfg = Release|Any CPU
		{29DEB75B-9CD8-4258-AC55-615056BAF607}.Release|Any CPU.Build.0 = Release|Any CPU
	EndGlobalSection
	GlobalSection(SolutionProperties) = preSolution
		HideSolutionNode = FALSE
	EndGlobalSection
	GlobalSection(ExtensibilityGlobals) = postSolution
		SolutionGuid = {EBF15913-ADC5-424D-88E1-751C07C26495}
	EndGlobalSection
EndGlobal
