
Microsoft Visual Studio Solution File, Format Version 12.00
# Visual Studio Version 17
VisualStudioVersion = 17.14.36603.0 d17.14
MinimumVisualStudioVersion = 10.0.40219.1
Project("{FAE04EC0-301F-11D3-BF4B-00C04F79EFBC}") = "Task6", "Task6.csproj", "{0C4698D7-2938-4B6F-B090-D0B0C6C84DD1}"
EndProject
Global
	GlobalSection(SolutionConfigurationPlatforms) = preSolution
		Debug|Any CPU = Debug|Any CPU
		Release|Any CPU = Release|Any CPU
	EndGlobalSection
	GlobalSection(ProjectConfigurationPlatforms) = postSolution
		{0C4698D7-2938-4B6F-B090-D0B0C6C84DD1}.Debug|Any CPU.ActiveCfg = Debug|Any CPU
		{0C4698D7-2938-4B6F-B090-D0B0C6C84DD1}.Debug|Any CPU.Build.0 = Debug|Any CPU
		{0C4698D7-2938-4B6F-B090-D0B0C6C84DD1}.Release|Any CPU.ActiveCfg = Release|Any CPU
		{0C4698D7-2938-4B6F-B090-D0B0C6C84DD1}.Release|Any CPU.Build.0 = Release|Any CPU
	EndGlobalSection
	GlobalSection(SolutionProperties) = preSolution
		HideSolutionNode = FALSE
	EndGlobalSection
	GlobalSection(ExtensibilityGlobals) = postSolution
		SolutionGuid = {D887F62B-041A-4A90-83EF-0C2A22D2474D}
	EndGlobalSection
EndGlobal
